
Microsoft Visual Studio Solution File, Format Version 12.00
# Visual Studio Version 17
VisualStudioVersion = 17.4.33122.133
MinimumVisualStudioVersion = 10.0.40219.1
Project("{9A19103F-16F7-4668-BE54-9A1E7A4F7556}") = "ReservationSystem.APIs", "ReservationSystem.APIs\ReservationSystem.APIs.csproj", "{D7DA1735-0BFA-48FC-9AEA-78D2ECD3C262}"
EndProject
Project("{9A19103F-16F7-4668-BE54-9A1E7A4F7556}") = "ReservationSystem.Data", "ReservationSystem.Data\ReservationSystem.Data.csproj", "{8C5E1DC0-4163-4D13-BAE1-5AF4ECC4A305}"
EndProject
Project("{FAE04EC0-301F-11D3-BF4B-00C04F79EFBC}") = "ReservationSystem.Repositories", "ReservationSystem.Repositories\ReservationSystem.Repositories.csproj", "{D55CB73E-7571-47D2-9A19-EA6D8A2A14A1}"
EndProject
Project("{FAE04EC0-301F-11D3-BF4B-00C04F79EFBC}") = "ReservationSystem.DataStructures", "ReservationSystem.DataStructures\ReservationSystem.DataStructures.csproj", "{DC09F29A-7E57-4C01-9A0D-B5C17DC497E3}"
EndProject
Global
	GlobalSection(SolutionConfigurationPlatforms) = preSolution
		Debug|Any CPU = Debug|Any CPU
		Release|Any CPU = Release|Any CPU
	EndGlobalSection
	GlobalSection(ProjectConfigurationPlatforms) = postSolution
		{D7DA1735-0BFA-48FC-9AEA-78D2ECD3C262}.Debug|Any CPU.ActiveCfg = Debug|Any CPU
		{D7DA1735-0BFA-48FC-9AEA-78D2ECD3C262}.Debug|Any CPU.Build.0 = Debug|Any CPU
		{D7DA1735-0BFA-48FC-9AEA-78D2ECD3C262}.Release|Any CPU.ActiveCfg = Release|Any CPU
		{D7DA1735-0BFA-48FC-9AEA-78D2ECD3C262}.Release|Any CPU.Build.0 = Release|Any CPU
		{8C5E1DC0-4163-4D13-BAE1-5AF4ECC4A305}.Debug|Any CPU.ActiveCfg = Debug|Any CPU
		{8C5E1DC0-4163-4D13-BAE1-5AF4ECC4A305}.Debug|Any CPU.Build.0 = Debug|Any CPU
		{8C5E1DC0-4163-4D13-BAE1-5AF4ECC4A305}.Release|Any CPU.ActiveCfg = Release|Any CPU
		{8C5E1DC0-4163-4D13-BAE1-5AF4ECC4A305}.Release|Any CPU.Build.0 = Release|Any CPU
		{D55CB73E-7571-47D2-9A19-EA6D8A2A14A1}.Debug|Any CPU.ActiveCfg = Debug|Any CPU
		{D55CB73E-7571-47D2-9A19-EA6D8A2A14A1}.Debug|Any CPU.Build.0 = Debug|Any CPU
		{D55CB73E-7571-47D2-9A19-EA6D8A2A14A1}.Release|Any CPU.ActiveCfg = Release|Any CPU
		{D55CB73E-7571-47D2-9A19-EA6D8A2A14A1}.Release|Any CPU.Build.0 = Release|Any CPU
		{DC09F29A-7E57-4C01-9A0D-B5C17DC497E3}.Debug|Any CPU.ActiveCfg = Debug|Any CPU
		{DC09F29A-7E57-4C01-9A0D-B5C17DC497E3}.Debug|Any CPU.Build.0 = Debug|Any CPU
		{DC09F29A-7E57-4C01-9A0D-B5C17DC497E3}.Release|Any CPU.ActiveCfg = Release|Any CPU
		{DC09F29A-7E57-4C01-9A0D-B5C17DC497E3}.Release|Any CPU.Build.0 = Release|Any CPU
	EndGlobalSection
	GlobalSection(SolutionProperties) = preSolution
		HideSolutionNode = FALSE
	EndGlobalSection
	GlobalSection(ExtensibilityGlobals) = postSolution
		SolutionGuid = {50F66106-3568-4E62-934A-898004CD56E4}
	EndGlobalSection
EndGlobal
